
Microsoft Visual Studio Solution File, Format Version 12.00
Project("{FAE04EC0-301F-11D3-BF4B-00C04F79EFBC}") = "Projekt_Zaliczeniowy", "Projekt_Zaliczeniowy\Projekt_Zaliczeniowy.csproj", "{FDB046D9-D563-4AD1-ABCE-AD1EC0EAEBC3}"
EndProject
Project("{FAE04EC0-301F-11D3-BF4B-00C04F79EFBC}") = "Statki_Game", "Statki_Game\Statki_Game.csproj", "{94431DBF-C3A8-4E46-B0AA-8A3A4CAF2BF9}"
EndProject
Project("{FAE04EC0-301F-11D3-BF4B-00C04F79EFBC}") = "Statki_Game.Tests", "Statki_Game.Tests\Statki_Game.Tests.csproj", "{BF5D2AE1-E26B-4A63-BC03-CA4998283B80}"
EndProject
Project("{FAE04EC0-301F-11D3-BF4B-00C04F79EFBC}") = "Statki_Network", "Statki_Network\Statki_Network.csproj", "{A27BF977-22AF-42FB-AF83-04C096520C81}"
EndProject
Project("{FAE04EC0-301F-11D3-BF4B-00C04F79EFBC}") = "Statki_Server", "Statki_Server\Statki_Server.csproj", "{E163C7ED-417B-40EF-AE2E-F4E21D876E46}"
EndProject
Global
	GlobalSection(SolutionConfigurationPlatforms) = preSolution
		Debug|Any CPU = Debug|Any CPU
		Debug|x64 = Debug|x64
		Debug|x86 = Debug|x86
		Release|Any CPU = Release|Any CPU
		Release|x64 = Release|x64
		Release|x86 = Release|x86
	EndGlobalSection
	GlobalSection(ProjectConfigurationPlatforms) = postSolution
		{FDB046D9-D563-4AD1-ABCE-AD1EC0EAEBC3}.Debug|Any CPU.ActiveCfg = Debug|Any CPU
		{FDB046D9-D563-4AD1-ABCE-AD1EC0EAEBC3}.Debug|Any CPU.Build.0 = Debug|Any CPU
		{FDB046D9-D563-4AD1-ABCE-AD1EC0EAEBC3}.Debug|x64.ActiveCfg = Debug|Any CPU
		{FDB046D9-D563-4AD1-ABCE-AD1EC0EAEBC3}.Debug|x64.Build.0 = Debug|Any CPU
		{FDB046D9-D563-4AD1-ABCE-AD1EC0EAEBC3}.Debug|x86.ActiveCfg = Debug|Any CPU
		{FDB046D9-D563-4AD1-ABCE-AD1EC0EAEBC3}.Debug|x86.Build.0 = Debug|Any CPU
		{FDB046D9-D563-4AD1-ABCE-AD1EC0EAEBC3}.Release|Any CPU.ActiveCfg = Release|Any CPU
		{FDB046D9-D563-4AD1-ABCE-AD1EC0EAEBC3}.Release|Any CPU.Build.0 = Release|Any CPU
		{FDB046D9-D563-4AD1-ABCE-AD1EC0EAEBC3}.Release|x64.ActiveCfg = Release|Any CPU
		{FDB046D9-D563-4AD1-ABCE-AD1EC0EAEBC3}.Release|x64.Build.0 = Release|Any CPU
		{FDB046D9-D563-4AD1-ABCE-AD1EC0EAEBC3}.Release|x86.ActiveCfg = Release|Any CPU
		{FDB046D9-D563-4AD1-ABCE-AD1EC0EAEBC3}.Release|x86.Build.0 = Release|Any CPU
		{94431DBF-C3A8-4E46-B0AA-8A3A4CAF2BF9}.Debug|Any CPU.ActiveCfg = Debug|Any CPU
		{94431DBF-C3A8-4E46-B0AA-8A3A4CAF2BF9}.Debug|Any CPU.Build.0 = Debug|Any CPU
		{94431DBF-C3A8-4E46-B0AA-8A3A4CAF2BF9}.Debug|x64.ActiveCfg = Debug|Any CPU
		{94431DBF-C3A8-4E46-B0AA-8A3A4CAF2BF9}.Debug|x64.Build.0 = Debug|Any CPU
		{94431DBF-C3A8-4E46-B0AA-8A3A4CAF2BF9}.Debug|x86.ActiveCfg = Debug|Any CPU
		{94431DBF-C3A8-4E46-B0AA-8A3A4CAF2BF9}.Debug|x86.Build.0 = Debug|Any CPU
		{94431DBF-C3A8-4E46-B0AA-8A3A4CAF2BF9}.Release|Any CPU.ActiveCfg = Release|Any CPU
		{94431DBF-C3A8-4E46-B0AA-8A3A4CAF2BF9}.Release|Any CPU.Build.0 = Release|Any CPU
		{94431DBF-C3A8-4E46-B0AA-8A3A4CAF2BF9}.Release|x64.ActiveCfg = Release|Any CPU
		{94431DBF-C3A8-4E46-B0AA-8A3A4CAF2BF9}.Release|x64.Build.0 = Release|Any CPU
		{94431DBF-C3A8-4E46-B0AA-8A3A4CAF2BF9}.Release|x86.ActiveCfg = Release|Any CPU
		{94431DBF-C3A8-4E46-B0AA-8A3A4CAF2BF9}.Release|x86.Build.0 = Release|Any CPU
		{BF5D2AE1-E26B-4A63-BC03-CA4998283B80}.Debug|Any CPU.ActiveCfg = Debug|Any CPU
		{BF5D2AE1-E26B-4A63-BC03-CA4998283B80}.Debug|Any CPU.Build.0 = Debug|Any CPU
		{BF5D2AE1-E26B-4A63-BC03-CA4998283B80}.Debug|x64.ActiveCfg = Debug|Any CPU
		{BF5D2AE1-E26B-4A63-BC03-CA4998283B80}.Debug|x64.Build.0 = Debug|Any CPU
		{BF5D2AE1-E26B-4A63-BC03-CA4998283B80}.Debug|x86.ActiveCfg = Debug|Any CPU
		{BF5D2AE1-E26B-4A63-BC03-CA4998283B80}.Debug|x86.Build.0 = Debug|Any CPU
		{BF5D2AE1-E26B-4A63-BC03-CA4998283B80}.Release|Any CPU.ActiveCfg = Release|Any CPU
		{BF5D2AE1-E26B-4A63-BC03-CA4998283B80}.Release|Any CPU.Build.0 = Release|Any CPU
		{BF5D2AE1-E26B-4A63-BC03-CA4998283B80}.Release|x64.ActiveCfg = Release|Any CPU
		{BF5D2AE1-E26B-4A63-BC03-CA4998283B80}.Release|x64.Build.0 = Release|Any CPU
		{BF5D2AE1-E26B-4A63-BC03-CA4998283B80}.Release|x86.ActiveCfg = Release|Any CPU
		{BF5D2AE1-E26B-4A63-BC03-CA4998283B80}.Release|x86.Build.0 = Release|Any CPU
		{A27BF977-22AF-42FB-AF83-04C096520C81}.Debug|Any CPU.ActiveCfg = Debug|Any CPU
		{A27BF977-22AF-42FB-AF83-04C096520C81}.Debug|Any CPU.Build.0 = Debug|Any CPU
		{A27BF977-22AF-42FB-AF83-04C096520C81}.Debug|x64.ActiveCfg = Debug|Any CPU
		{A27BF977-22AF-42FB-AF83-04C096520C81}.Debug|x64.Build.0 = Debug|Any CPU
		{A27BF977-22AF-42FB-AF83-04C096520C81}.Debug|x86.ActiveCfg = Debug|Any CPU
		{A27BF977-22AF-42FB-AF83-04C096520C81}.Debug|x86.Build.0 = Debug|Any CPU
		{A27BF977-22AF-42FB-AF83-04C096520C81}.Release|Any CPU.ActiveCfg = Release|Any CPU
		{A27BF977-22AF-42FB-AF83-04C096520C81}.Release|Any CPU.Build.0 = Release|Any CPU
		{A27BF977-22AF-42FB-AF83-04C096520C81}.Release|x64.ActiveCfg = Release|Any CPU
		{A27BF977-22AF-42FB-AF83-04C096520C81}.Release|x64.Build.0 = Release|Any CPU
		{A27BF977-22AF-42FB-AF83-04C096520C81}.Release|x86.ActiveCfg = Release|Any CPU
		{A27BF977-22AF-42FB-AF83-04C096520C81}.Release|x86.Build.0 = Release|Any CPU
		{E163C7ED-417B-40EF-AE2E-F4E21D876E46}.Debug|Any CPU.ActiveCfg = Debug|Any CPU
		{E163C7ED-417B-40EF-AE2E-F4E21D876E46}.Debug|Any CPU.Build.0 = Debug|Any CPU
		{E163C7ED-417B-40EF-AE2E-F4E21D876E46}.Debug|x64.ActiveCfg = Debug|Any CPU
		{E163C7ED-417B-40EF-AE2E-F4E21D876E46}.Debug|x64.Build.0 = Debug|Any CPU
		{E163C7ED-417B-40EF-AE2E-F4E21D876E46}.Debug|x86.ActiveCfg = Debug|Any CPU
		{E163C7ED-417B-40EF-AE2E-F4E21D876E46}.Debug|x86.Build.0 = Debug|Any CPU
		{E163C7ED-417B-40EF-AE2E-F4E21D876E46}.Release|Any CPU.ActiveCfg = Release|Any CPU
		{E163C7ED-417B-40EF-AE2E-F4E21D876E46}.Release|Any CPU.Build.0 = Release|Any CPU
		{E163C7ED-417B-40EF-AE2E-F4E21D876E46}.Release|x64.ActiveCfg = Release|Any CPU
		{E163C7ED-417B-40EF-AE2E-F4E21D876E46}.Release|x64.Build.0 = Release|Any CPU
		{E163C7ED-417B-40EF-AE2E-F4E21D876E46}.Release|x86.ActiveCfg = Release|Any CPU
		{E163C7ED-417B-40EF-AE2E-F4E21D876E46}.Release|x86.Build.0 = Release|Any CPU
	EndGlobalSection
	GlobalSection(SolutionProperties) = preSolution
		HideSolutionNode = FALSE
	EndGlobalSection
EndGlobal
